
Microsoft Visual Studio Solution File, Format Version 12.00
# Visual Studio Version 17
VisualStudioVersion = 17.6.33829.357
MinimumVisualStudioVersion = 10.0.40219.1
Project("{9A19103F-16F7-4668-BE54-9A1E7A4F7556}") = "ProjetoIntegradorII.Api", "ProjetoIntegradorII.Api.csproj", "{CCE8A4EB-83A1-4088-9E8F-8584EDCF49BC}"
EndProject
Project("{9A19103F-16F7-4668-BE54-9A1E7A4F7556}") = "ProjetoIntegradorII.Domain", "..\ProjetoIntegradorII.Domain\ProjetoIntegradorII.Domain.csproj", "{62969310-A380-4C81-A5D8-375D8EEDCBA5}"
EndProject
Project("{9A19103F-16F7-4668-BE54-9A1E7A4F7556}") = "ProjetoIntegradorII.Domain.Tests", "..\ProjetoIntegradorII.Domain.Tests\ProjetoIntegradorII.Domain.Tests.csproj", "{519B75DF-7369-42E1-BC19-E211D384FF92}"
EndProject
Project("{9A19103F-16F7-4668-BE54-9A1E7A4F7556}") = "ProjetoIntegradorII.Infra.Data", "..\ProjetoIntegradorII.Infra.Data\ProjetoIntegradorII.Infra.Data.csproj", "{4BA12A72-D8E1-4576-8AEF-32A9FC8ADC27}"
EndProject
Project("{9A19103F-16F7-4668-BE54-9A1E7A4F7556}") = "ProjetoIntegradorII.Infra.Ioc", "..\ProjetoIntegradorII.Infra.Ioc\ProjetoIntegradorII.Infra.Ioc.csproj", "{2922358B-E374-4A4D-B3A3-3844033C4837}"
EndProject
Project("{FAE04EC0-301F-11D3-BF4B-00C04F79EFBC}") = "ProjetoIntegradorII.Application", "..\ProjetoIntegradorII.Application\ProjetoIntegradorII.Application.csproj", "{9680520E-E239-4F7C-BE35-E341B6436032}"
EndProject
Global
	GlobalSection(SolutionConfigurationPlatforms) = preSolution
		Debug|Any CPU = Debug|Any CPU
		Release|Any CPU = Release|Any CPU
	EndGlobalSection
	GlobalSection(ProjectConfigurationPlatforms) = postSolution
		{CCE8A4EB-83A1-4088-9E8F-8584EDCF49BC}.Debug|Any CPU.ActiveCfg = Debug|Any CPU
		{CCE8A4EB-83A1-4088-9E8F-8584EDCF49BC}.Debug|Any CPU.Build.0 = Debug|Any CPU
		{CCE8A4EB-83A1-4088-9E8F-8584EDCF49BC}.Release|Any CPU.ActiveCfg = Release|Any CPU
		{CCE8A4EB-83A1-4088-9E8F-8584EDCF49BC}.Release|Any CPU.Build.0 = Release|Any CPU
		{62969310-A380-4C81-A5D8-375D8EEDCBA5}.Debug|Any CPU.ActiveCfg = Debug|Any CPU
		{62969310-A380-4C81-A5D8-375D8EEDCBA5}.Debug|Any CPU.Build.0 = Debug|Any CPU
		{62969310-A380-4C81-A5D8-375D8EEDCBA5}.Release|Any CPU.ActiveCfg = Release|Any CPU
		{62969310-A380-4C81-A5D8-375D8EEDCBA5}.Release|Any CPU.Build.0 = Release|Any CPU
		{519B75DF-7369-42E1-BC19-E211D384FF92}.Debug|Any CPU.ActiveCfg = Debug|Any CPU
		{519B75DF-7369-42E1-BC19-E211D384FF92}.Debug|Any CPU.Build.0 = Debug|Any CPU
		{519B75DF-7369-42E1-BC19-E211D384FF92}.Release|Any CPU.ActiveCfg = Release|Any CPU
		{519B75DF-7369-42E1-BC19-E211D384FF92}.Release|Any CPU.Build.0 = Release|Any CPU
		{4BA12A72-D8E1-4576-8AEF-32A9FC8ADC27}.Debug|Any CPU.ActiveCfg = Debug|Any CPU
		{4BA12A72-D8E1-4576-8AEF-32A9FC8ADC27}.Debug|Any CPU.Build.0 = Debug|Any CPU
		{4BA12A72-D8E1-4576-8AEF-32A9FC8ADC27}.Release|Any CPU.ActiveCfg = Release|Any CPU
		{4BA12A72-D8E1-4576-8AEF-32A9FC8ADC27}.Release|Any CPU.Build.0 = Release|Any CPU
		{2922358B-E374-4A4D-B3A3-3844033C4837}.Debug|Any CPU.ActiveCfg = Debug|Any CPU
		{2922358B-E374-4A4D-B3A3-3844033C4837}.Debug|Any CPU.Build.0 = Debug|Any CPU
		{2922358B-E374-4A4D-B3A3-3844033C4837}.Release|Any CPU.ActiveCfg = Release|Any CPU
		{2922358B-E374-4A4D-B3A3-3844033C4837}.Release|Any CPU.Build.0 = Release|Any CPU
		{9680520E-E239-4F7C-BE35-E341B6436032}.Debug|Any CPU.ActiveCfg = Debug|Any CPU
		{9680520E-E239-4F7C-BE35-E341B6436032}.Debug|Any CPU.Build.0 = Debug|Any CPU
		{9680520E-E239-4F7C-BE35-E341B6436032}.Release|Any CPU.ActiveCfg = Release|Any CPU
		{9680520E-E239-4F7C-BE35-E341B6436032}.Release|Any CPU.Build.0 = Release|Any CPU
	EndGlobalSection
	GlobalSection(SolutionProperties) = preSolution
		HideSolutionNode = FALSE
	EndGlobalSection
	GlobalSection(ExtensibilityGlobals) = postSolution
		SolutionGuid = {3846D932-164C-400E-9396-017072201FF6}
	EndGlobalSection
EndGlobal
